
Microsoft Visual Studio Solution File, Format Version 12.00
# Visual Studio Version 16
VisualStudioVersion = 16.0.31613.86
MinimumVisualStudioVersion = 10.0.40219.1
Project("{FAE04EC0-301F-11D3-BF4B-00C04F79EFBC}") = "pr-32_prakt15_1_OAP_Kolyasnikova.V", "pr-32_prakt15_1_OAP_Kolyasnikova.V\pr-32_prakt15_1_OAP_Kolyasnikova.V.csproj", "{8D681FB7-4E3F-4A41-B4E5-A06E2641490E}"
EndProject
Global
	GlobalSection(SolutionConfigurationPlatforms) = preSolution
		Debug|Any CPU = Debug|Any CPU
		Release|Any CPU = Release|Any CPU
	EndGlobalSection
	GlobalSection(ProjectConfigurationPlatforms) = postSolution
		{8D681FB7-4E3F-4A41-B4E5-A06E2641490E}.Debug|Any CPU.ActiveCfg = Debug|Any CPU
		{8D681FB7-4E3F-4A41-B4E5-A06E2641490E}.Debug|Any CPU.Build.0 = Debug|Any CPU
		{8D681FB7-4E3F-4A41-B4E5-A06E2641490E}.Release|Any CPU.ActiveCfg = Release|Any CPU
		{8D681FB7-4E3F-4A41-B4E5-A06E2641490E}.Release|Any CPU.Build.0 = Release|Any CPU
	EndGlobalSection
	GlobalSection(SolutionProperties) = preSolution
		HideSolutionNode = FALSE
	EndGlobalSection
	GlobalSection(ExtensibilityGlobals) = postSolution
		SolutionGuid = {E712FD1E-C10B-47AB-BB52-C11A0557C1D1}
	EndGlobalSection
EndGlobal
